{
  "lockfileVersion": 1,
  "configVersion": 1,
  "workspaces": {
    "": {
      "name": "mito",
      "dependencies": {
        "twitter-api-v2": "^1.18.0",
        "zod": "^3.23.8",
      },
    },
  },
  "packages": {
    "twitter-api-v2": ["twitter-api-v2@1.29.0", "", {}, "sha512-v473q5bwme4N+DWSg6qY+JCvfg1nSJRWwui3HUALafxfqCvVkKiYmS/5x/pVeJwTmyeBxexMbzHwnzrH4h6oYQ=="],

    "zod": ["zod@3.25.76", "", {}, "sha512-gzUt/qt81nXsFGKIFcC3YnfEAx5NkunCfnDlvuBSSFS02bcXu4Lmea0AFIUwbLWxWPx3d9p8S5QoaujKcNQxcQ=="],
  }
}
